// !$*UTF8*$!
{
	archiveVersion = 1;
	classes = {
	};
	objectVersion = 46;
	objects = {

/* Begin PBXBuildFile section */
		5A014F331FBD9D2100ED118C /* PrizeDetail_TableCell.swift in Sources */ = {isa = PBXBuildFile; fileRef = 5A014F321FBD9D2100ED118C /* PrizeDetail_TableCell.swift */; };
		5A014F351FBD9F1F00ED118C /* PrizeDetail_Model.swift in Sources */ = {isa = PBXBuildFile; fileRef = 5A014F341FBD9F1F00ED118C /* PrizeDetail_Model.swift */; };
		5A014F371FBD9F3000ED118C /* PrizeDetail_ViewModel.swift in Sources */ = {isa = PBXBuildFile; fileRef = 5A014F361FBD9F3000ED118C /* PrizeDetail_ViewModel.swift */; };
		5A0F16EE1FAB3418004C3415 /* PrizeResultViewController.swift in Sources */ = {isa = PBXBuildFile; fileRef = 5A0F16ED1FAB3418004C3415 /* PrizeResultViewController.swift */; };
		5A1504001FA190BD000FCB58 /* MainTabbarViewController.swift in Sources */ = {isa = PBXBuildFile; fileRef = 5A1503FF1FA190BD000FCB58 /* MainTabbarViewController.swift */; };
		5A1504061FA19A81000FCB58 /* LotteryHallViewController.swift in Sources */ = {isa = PBXBuildFile; fileRef = 5A1504051FA19A81000FCB58 /* LotteryHallViewController.swift */; };
		5A1504091FA19D35000FCB58 /* LotteryHall_CollectionCell.swift in Sources */ = {isa = PBXBuildFile; fileRef = 5A1504071FA19D35000FCB58 /* LotteryHall_CollectionCell.swift */; };
		5A15040A1FA19D35000FCB58 /* LotteryHall_CollectionSectionHeaderView.swift in Sources */ = {isa = PBXBuildFile; fileRef = 5A1504081FA19D35000FCB58 /* LotteryHall_CollectionSectionHeaderView.swift */; };
		5A15040D1FA1B422000FCB58 /* BuyingHallViewController.swift in Sources */ = {isa = PBXBuildFile; fileRef = 5A15040C1FA1B422000FCB58 /* BuyingHallViewController.swift */; };
		5A15040F1FA1B482000FCB58 /* PrizeAnnounceViewController.swift in Sources */ = {isa = PBXBuildFile; fileRef = 5A15040E1FA1B482000FCB58 /* PrizeAnnounceViewController.swift */; };
		5A1504111FA1B4A2000FCB58 /* UserCenterViewController.swift in Sources */ = {isa = PBXBuildFile; fileRef = 5A1504101FA1B4A2000FCB58 /* UserCenterViewController.swift */; };
		5A1505E91FA96D2B00F5A8C0 /* BuyingHall_TableCell.swift in Sources */ = {isa = PBXBuildFile; fileRef = 5A1505E81FA96D2B00F5A8C0 /* BuyingHall_TableCell.swift */; };
		5A2F183F1FB93613007FAB82 /* bdNavRightTableView.swift in Sources */ = {isa = PBXBuildFile; fileRef = 5A2F183E1FB93613007FAB82 /* bdNavRightTableView.swift */; };
		5A2F18411FB93A89007FAB82 /* BuyingDetail_ViewModel.swift in Sources */ = {isa = PBXBuildFile; fileRef = 5A2F18401FB93A89007FAB82 /* BuyingDetail_ViewModel.swift */; };
		5A2F18431FB94036007FAB82 /* bdNavRight_TableCell.swift in Sources */ = {isa = PBXBuildFile; fileRef = 5A2F18421FB94036007FAB82 /* bdNavRight_TableCell.swift */; };
		5A2F18471FB9818C007FAB82 /* bdTimerView.swift in Sources */ = {isa = PBXBuildFile; fileRef = 5A2F18461FB9818C007FAB82 /* bdTimerView.swift */; };
		5A2F18491FB9AE47007FAB82 /* bdPrizeResultView.swift in Sources */ = {isa = PBXBuildFile; fileRef = 5A2F18481FB9AE47007FAB82 /* bdPrizeResultView.swift */; };
		5A2F184B1FB9D35C007FAB82 /* bdPrizeResult_TableCell.swift in Sources */ = {isa = PBXBuildFile; fileRef = 5A2F184A1FB9D35C007FAB82 /* bdPrizeResult_TableCell.swift */; };
		5A2F184D1FB9D8D2007FAB82 /* bdPrizeResultTableView.swift in Sources */ = {isa = PBXBuildFile; fileRef = 5A2F184C1FB9D8D2007FAB82 /* bdPrizeResultTableView.swift */; };
		5A32BB991FAC09030056EA76 /* ucHeaderView.swift in Sources */ = {isa = PBXBuildFile; fileRef = 5A32BB981FAC09030056EA76 /* ucHeaderView.swift */; };
		5A32BB9B1FAC14460056EA76 /* BaseTableViewController.swift in Sources */ = {isa = PBXBuildFile; fileRef = 5A32BB9A1FAC14460056EA76 /* BaseTableViewController.swift */; };
		5A32BB9D1FAC18F80056EA76 /* UserCenter_TableCell.swift in Sources */ = {isa = PBXBuildFile; fileRef = 5A32BB9C1FAC18F80056EA76 /* UserCenter_TableCell.swift */; };
		5A32BB9F1FAC1B440056EA76 /* UserCenter_Model.swift in Sources */ = {isa = PBXBuildFile; fileRef = 5A32BB9E1FAC1B440056EA76 /* UserCenter_Model.swift */; };
		5A32BBA11FAC1B5C0056EA76 /* UserCenter_ViewModel.swift in Sources */ = {isa = PBXBuildFile; fileRef = 5A32BBA01FAC1B5C0056EA76 /* UserCenter_ViewModel.swift */; };
		5A3920811FB03761006CE9F4 /* bdNavTitleView.swift in Sources */ = {isa = PBXBuildFile; fileRef = 5A3920801FB03761006CE9F4 /* bdNavTitleView.swift */; };
		5A3A61611FB04F84005CC5B0 /* bdNavTitleDetailView.swift in Sources */ = {isa = PBXBuildFile; fileRef = 5A3A61601FB04F84005CC5B0 /* bdNavTitleDetailView.swift */; };
		5A45664C1FA72DEF008971AE /* RunningTipView.swift in Sources */ = {isa = PBXBuildFile; fileRef = 5A45664B1FA72DEF008971AE /* RunningTipView.swift */; };
		5A45664E1FA73380008971AE /* AccountView.swift in Sources */ = {isa = PBXBuildFile; fileRef = 5A45664D1FA73380008971AE /* AccountView.swift */; };
		5A4B3EBD1FBC76E10016D55F /* bdContentTableView.swift in Sources */ = {isa = PBXBuildFile; fileRef = 5A4B3EBC1FBC76E10016D55F /* bdContentTableView.swift */; };
		5A4B3EBF1FBC79B00016D55F /* bdContent_TableCell.swift in Sources */ = {isa = PBXBuildFile; fileRef = 5A4B3EBE1FBC79B00016D55F /* bdContent_TableCell.swift */; };
		5A64AACF1FBC721C007D4055 /* bdContentTopView.swift in Sources */ = {isa = PBXBuildFile; fileRef = 5A64AACE1FBC721B007D4055 /* bdContentTopView.swift */; };
		5A8BB3981FA3415B007A5397 /* Constants.swift in Sources */ = {isa = PBXBuildFile; fileRef = 5A8BB3971FA3415B007A5397 /* Constants.swift */; };
		5A8C0FFF1FA9B330001A2BC8 /* BuyingHall_Model.swift in Sources */ = {isa = PBXBuildFile; fileRef = 5A8C0FFE1FA9B330001A2BC8 /* BuyingHall_Model.swift */; };
		5A8C10011FA9B490001A2BC8 /* BuyingHall_ViewModel.swift in Sources */ = {isa = PBXBuildFile; fileRef = 5A8C10001FA9B490001A2BC8 /* BuyingHall_ViewModel.swift */; };
		5A8C10031FA9D184001A2BC8 /* WebViewController.swift in Sources */ = {isa = PBXBuildFile; fileRef = 5A8C10021FA9D184001A2BC8 /* WebViewController.swift */; };
		5A8C10051FA9E0B5001A2BC8 /* UIViewController+Extension.swift in Sources */ = {isa = PBXBuildFile; fileRef = 5A8C10041FA9E0B5001A2BC8 /* UIViewController+Extension.swift */; };
		5AA4E4491FBD748700FD70F2 /* BuyingDetailDescViewController.swift in Sources */ = {isa = PBXBuildFile; fileRef = 5AA4E4481FBD748700FD70F2 /* BuyingDetailDescViewController.swift */; };
		5AA59E961FBE9219000D0E16 /* UIView+Extension.swift in Sources */ = {isa = PBXBuildFile; fileRef = 5AA59E951FBE9219000D0E16 /* UIView+Extension.swift */; };
		5AB02B211FBAEFD2002E6FF7 /* TimerTestViewController.swift in Sources */ = {isa = PBXBuildFile; fileRef = 5AB02B201FBAEFD2002E6FF7 /* TimerTestViewController.swift */; };
		5AB02B231FBAEFEA002E6FF7 /* TimerTestView.swift in Sources */ = {isa = PBXBuildFile; fileRef = 5AB02B221FBAEFEA002E6FF7 /* TimerTestView.swift */; };
		5AB02B251FBAF017002E6FF7 /* TimerTestTapView.swift in Sources */ = {isa = PBXBuildFile; fileRef = 5AB02B241FBAF017002E6FF7 /* TimerTestTapView.swift */; };
		5ABEA20A1FB40B0E00C70336 /* DealRecords_ViewModel.swift in Sources */ = {isa = PBXBuildFile; fileRef = 5ABEA2091FB40B0E00C70336 /* DealRecords_ViewModel.swift */; };
		5ABEA20C1FB40E2800C70336 /* DealRecords_TableCell.swift in Sources */ = {isa = PBXBuildFile; fileRef = 5ABEA20B1FB40E2800C70336 /* DealRecords_TableCell.swift */; };
		5AC57B171FB150EE00349525 /* bdNavTitleDetailView1.swift in Sources */ = {isa = PBXBuildFile; fileRef = 5AC57B161FB150EE00349525 /* bdNavTitleDetailView1.swift */; };
		5AC681B61FBA8F9500F05519 /* bdContentView.swift in Sources */ = {isa = PBXBuildFile; fileRef = 5AC681B51FBA8F9500F05519 /* bdContentView.swift */; };
		5AC681B81FBA946100F05519 /* bdBottomView.swift in Sources */ = {isa = PBXBuildFile; fileRef = 5AC681B71FBA946100F05519 /* bdBottomView.swift */; };
		5AC730CC1FAABDD000CE245E /* BaseViewController.swift in Sources */ = {isa = PBXBuildFile; fileRef = 5AC730CB1FAABDD000CE245E /* BaseViewController.swift */; };
		5AC730D11FAB012500CE245E /* SelectButtonsView.swift in Sources */ = {isa = PBXBuildFile; fileRef = 5AC730D01FAB012500CE245E /* SelectButtonsView.swift */; };
		5AC7E5471FA31EDE0062A447 /* ocViewController.m in Sources */ = {isa = PBXBuildFile; fileRef = 5AC7E5461FA31EDE0062A447 /* ocViewController.m */; };
		5ACBF71D1FB4546200ADB6E9 /* BettingDetail_ViewModel.swift in Sources */ = {isa = PBXBuildFile; fileRef = 5ACBF7171FB4546200ADB6E9 /* BettingDetail_ViewModel.swift */; };
		5ACBF71F1FB4546200ADB6E9 /* BettingDetailViewController.swift in Sources */ = {isa = PBXBuildFile; fileRef = 5ACBF7191FB4546200ADB6E9 /* BettingDetailViewController.swift */; };
		5ACBF7201FB4546200ADB6E9 /* BettingRecords_TableCell.swift in Sources */ = {isa = PBXBuildFile; fileRef = 5ACBF71A1FB4546200ADB6E9 /* BettingRecords_TableCell.swift */; };
		5ACBF7211FB4546200ADB6E9 /* BettingRecords_ViewModel.swift in Sources */ = {isa = PBXBuildFile; fileRef = 5ACBF71B1FB4546200ADB6E9 /* BettingRecords_ViewModel.swift */; };
		5ACBF7221FB4546200ADB6E9 /* BettingRecordsViewController.swift in Sources */ = {isa = PBXBuildFile; fileRef = 5ACBF71C1FB4546200ADB6E9 /* BettingRecordsViewController.swift */; };
		5ACBF7241FB45C2E00ADB6E9 /* BettingDetailViewController.xib in Resources */ = {isa = PBXBuildFile; fileRef = 5ACBF7231FB45C2D00ADB6E9 /* BettingDetailViewController.xib */; };
		5AD93A9B1FA8298E007FDED5 /* BannerView.swift in Sources */ = {isa = PBXBuildFile; fileRef = 5AD93A9A1FA8298E007FDED5 /* BannerView.swift */; };
		5AD93A9D1FA85D1D007FDED5 /* AccountView.xib in Resources */ = {isa = PBXBuildFile; fileRef = 5AD93A9C1FA85D1D007FDED5 /* AccountView.xib */; };
		5AD93AA41FA88275007FDED5 /* BuyingDetailViewController.swift in Sources */ = {isa = PBXBuildFile; fileRef = 5AD93AA31FA88275007FDED5 /* BuyingDetailViewController.swift */; };
		5ADA4DE61FBD7C1A0024E89C /* bddSelectButtonsView.swift in Sources */ = {isa = PBXBuildFile; fileRef = 5ADA4DE51FBD7C1A0024E89C /* bddSelectButtonsView.swift */; };
		5AE4F4541FA043AE007BD714 /* AppDelegate.swift in Sources */ = {isa = PBXBuildFile; fileRef = 5AE4F4531FA043AE007BD714 /* AppDelegate.swift */; };
		5AE4F4561FA043AE007BD714 /* ViewController.swift in Sources */ = {isa = PBXBuildFile; fileRef = 5AE4F4551FA043AE007BD714 /* ViewController.swift */; };
		5AE4F4591FA043AE007BD714 /* Main.storyboard in Resources */ = {isa = PBXBuildFile; fileRef = 5AE4F4571FA043AE007BD714 /* Main.storyboard */; };
		5AE4F45B1FA043AE007BD714 /* Assets.xcassets in Resources */ = {isa = PBXBuildFile; fileRef = 5AE4F45A1FA043AE007BD714 /* Assets.xcassets */; };
		5AE4F45E1FA043AE007BD714 /* LaunchScreen.storyboard in Resources */ = {isa = PBXBuildFile; fileRef = 5AE4F45C1FA043AE007BD714 /* LaunchScreen.storyboard */; };
		5AEC60371FBAD103008C3383 /* PrizeDetailViewController.swift in Sources */ = {isa = PBXBuildFile; fileRef = 5AEC60361FBAD103008C3383 /* PrizeDetailViewController.swift */; };
		5AEC60391FBAD140008C3383 /* PrizeDetailTableView.swift in Sources */ = {isa = PBXBuildFile; fileRef = 5AEC60381FBAD140008C3383 /* PrizeDetailTableView.swift */; };
		5AF0F6461FBED46700419640 /* PrizeDetail_SectionHeaderView.swift in Sources */ = {isa = PBXBuildFile; fileRef = 5AF0F6451FBED46700419640 /* PrizeDetail_SectionHeaderView.swift */; };
		5AF1B4991FB2A548001A4269 /* PrizeResult_TableCell.swift in Sources */ = {isa = PBXBuildFile; fileRef = 5AF1B4981FB2A548001A4269 /* PrizeResult_TableCell.swift */; };
		5AF1B49B1FB2A6C3001A4269 /* PrizeResult_Model.swift in Sources */ = {isa = PBXBuildFile; fileRef = 5AF1B49A1FB2A6C3001A4269 /* PrizeResult_Model.swift */; };
		5AF1B49D1FB2A6D5001A4269 /* PrizeResult_ViewModel.swift in Sources */ = {isa = PBXBuildFile; fileRef = 5AF1B49C1FB2A6D5001A4269 /* PrizeResult_ViewModel.swift */; };
		5AF1B4A21FB30A14001A4269 /* AnnounceInforViewController.swift in Sources */ = {isa = PBXBuildFile; fileRef = 5AF1B4A11FB30A14001A4269 /* AnnounceInforViewController.swift */; };
		5AF1B4A61FB30A8F001A4269 /* DealRecordsViewController.swift in Sources */ = {isa = PBXBuildFile; fileRef = 5AF1B4A51FB30A8F001A4269 /* DealRecordsViewController.swift */; };
		5AF2E59B1FAB256D00908E3C /* PrizeAnnounce_TableCell.swift in Sources */ = {isa = PBXBuildFile; fileRef = 5AF2E59A1FAB256D00908E3C /* PrizeAnnounce_TableCell.swift */; };
		5AF2E59D1FAB288300908E3C /* PrizeAnnounce_Model.swift in Sources */ = {isa = PBXBuildFile; fileRef = 5AF2E59C1FAB288300908E3C /* PrizeAnnounce_Model.swift */; };
		5AF2E59F1FAB289700908E3C /* PrizeAnnounce_ViewMondel.swift in Sources */ = {isa = PBXBuildFile; fileRef = 5AF2E59E1FAB289700908E3C /* PrizeAnnounce_ViewMondel.swift */; };
		663431690B41B6E3ADC28E38 /* Pods_LotteryTicket.framework in Frameworks */ = {isa = PBXBuildFile; fileRef = 04CF5632838DB19011E857DD /* Pods_LotteryTicket.framework */; };
/* End PBXBuildFile section */

/* Begin PBXFileReference section */
		02586951D05A310B6634D514 /* Pods-LotteryTicket.release.xcconfig */ = {isa = PBXFileReference; includeInIndex = 1; lastKnownFileType = text.xcconfig; name = "Pods-LotteryTicket.release.xcconfig"; path = "Pods/Target Support Files/Pods-LotteryTicket/Pods-LotteryTicket.release.xcconfig"; sourceTree = "<group>"; };
		04CF5632838DB19011E857DD /* Pods_LotteryTicket.framework */ = {isa = PBXFileReference; explicitFileType = wrapper.framework; includeInIndex = 0; path = Pods_LotteryTicket.framework; sourceTree = BUILT_PRODUCTS_DIR; };
		5A014F321FBD9D2100ED118C /* PrizeDetail_TableCell.swift */ = {isa = PBXFileReference; lastKnownFileType = sourcecode.swift; path = PrizeDetail_TableCell.swift; sourceTree = "<group>"; };
		5A014F341FBD9F1F00ED118C /* PrizeDetail_Model.swift */ = {isa = PBXFileReference; lastKnownFileType = sourcecode.swift; path = PrizeDetail_Model.swift; sourceTree = "<group>"; };
		5A014F361FBD9F3000ED118C /* PrizeDetail_ViewModel.swift */ = {isa = PBXFileReference; lastKnownFileType = sourcecode.swift; path = PrizeDetail_ViewModel.swift; sourceTree = "<group>"; };
		5A0F16ED1FAB3418004C3415 /* PrizeResultViewController.swift */ = {isa = PBXFileReference; lastKnownFileType = sourcecode.swift; path = PrizeResultViewController.swift; sourceTree = "<group>"; };
		5A1503FF1FA190BD000FCB58 /* MainTabbarViewController.swift */ = {isa = PBXFileReference; fileEncoding = 4; lastKnownFileType = sourcecode.swift; path = MainTabbarViewController.swift; sourceTree = "<group>"; };
		5A1504051FA19A81000FCB58 /* LotteryHallViewController.swift */ = {isa = PBXFileReference; fileEncoding = 4; lastKnownFileType = sourcecode.swift; path = LotteryHallViewController.swift; sourceTree = "<group>"; };
		5A1504071FA19D35000FCB58 /* LotteryHall_CollectionCell.swift */ = {isa = PBXFileReference; fileEncoding = 4; lastKnownFileType = sourcecode.swift; path = LotteryHall_CollectionCell.swift; sourceTree = "<group>"; };
		5A1504081FA19D35000FCB58 /* LotteryHall_CollectionSectionHeaderView.swift */ = {isa = PBXFileReference; fileEncoding = 4; lastKnownFileType = sourcecode.swift; path = LotteryHall_CollectionSectionHeaderView.swift; sourceTree = "<group>"; };
		5A15040C1FA1B422000FCB58 /* BuyingHallViewController.swift */ = {isa = PBXFileReference; fileEncoding = 4; lastKnownFileType = sourcecode.swift; path = BuyingHallViewController.swift; sourceTree = "<group>"; };
		5A15040E1FA1B482000FCB58 /* PrizeAnnounceViewController.swift */ = {isa = PBXFileReference; fileEncoding = 4; lastKnownFileType = sourcecode.swift; path = PrizeAnnounceViewController.swift; sourceTree = "<group>"; };
		5A1504101FA1B4A2000FCB58 /* UserCenterViewController.swift */ = {isa = PBXFileReference; fileEncoding = 4; lastKnownFileType = sourcecode.swift; path = UserCenterViewController.swift; sourceTree = "<group>"; };
		5A1505E81FA96D2B00F5A8C0 /* BuyingHall_TableCell.swift */ = {isa = PBXFileReference; lastKnownFileType = sourcecode.swift; path = BuyingHall_TableCell.swift; sourceTree = "<group>"; };
		5A2F183E1FB93613007FAB82 /* bdNavRightTableView.swift */ = {isa = PBXFileReference; lastKnownFileType = sourcecode.swift; path = bdNavRightTableView.swift; sourceTree = "<group>"; };
		5A2F18401FB93A89007FAB82 /* BuyingDetail_ViewModel.swift */ = {isa = PBXFileReference; lastKnownFileType = sourcecode.swift; path = BuyingDetail_ViewModel.swift; sourceTree = "<group>"; };
		5A2F18421FB94036007FAB82 /* bdNavRight_TableCell.swift */ = {isa = PBXFileReference; lastKnownFileType = sourcecode.swift; path = bdNavRight_TableCell.swift; sourceTree = "<group>"; };
		5A2F18461FB9818C007FAB82 /* bdTimerView.swift */ = {isa = PBXFileReference; lastKnownFileType = sourcecode.swift; path = bdTimerView.swift; sourceTree = "<group>"; };
		5A2F18481FB9AE47007FAB82 /* bdPrizeResultView.swift */ = {isa = PBXFileReference; lastKnownFileType = sourcecode.swift; path = bdPrizeResultView.swift; sourceTree = "<group>"; };
		5A2F184A1FB9D35C007FAB82 /* bdPrizeResult_TableCell.swift */ = {isa = PBXFileReference; lastKnownFileType = sourcecode.swift; path = bdPrizeResult_TableCell.swift; sourceTree = "<group>"; };
		5A2F184C1FB9D8D2007FAB82 /* bdPrizeResultTableView.swift */ = {isa = PBXFileReference; lastKnownFileType = sourcecode.swift; path = bdPrizeResultTableView.swift; sourceTree = "<group>"; };
		5A32BB981FAC09030056EA76 /* ucHeaderView.swift */ = {isa = PBXFileReference; lastKnownFileType = sourcecode.swift; path = ucHeaderView.swift; sourceTree = "<group>"; };
		5A32BB9A1FAC14460056EA76 /* BaseTableViewController.swift */ = {isa = PBXFileReference; lastKnownFileType = sourcecode.swift; path = BaseTableViewController.swift; sourceTree = "<group>"; };
		5A32BB9C1FAC18F80056EA76 /* UserCenter_TableCell.swift */ = {isa = PBXFileReference; lastKnownFileType = sourcecode.swift; path = UserCenter_TableCell.swift; sourceTree = "<group>"; };
		5A32BB9E1FAC1B440056EA76 /* UserCenter_Model.swift */ = {isa = PBXFileReference; lastKnownFileType = sourcecode.swift; path = UserCenter_Model.swift; sourceTree = "<group>"; };
		5A32BBA01FAC1B5C0056EA76 /* UserCenter_ViewModel.swift */ = {isa = PBXFileReference; lastKnownFileType = sourcecode.swift; path = UserCenter_ViewModel.swift; sourceTree = "<group>"; };
		5A3920801FB03761006CE9F4 /* bdNavTitleView.swift */ = {isa = PBXFileReference; lastKnownFileType = sourcecode.swift; path = bdNavTitleView.swift; sourceTree = "<group>"; };
		5A3A61601FB04F84005CC5B0 /* bdNavTitleDetailView.swift */ = {isa = PBXFileReference; lastKnownFileType = sourcecode.swift; path = bdNavTitleDetailView.swift; sourceTree = "<group>"; };
		5A45664B1FA72DEF008971AE /* RunningTipView.swift */ = {isa = PBXFileReference; fileEncoding = 4; lastKnownFileType = sourcecode.swift; path = RunningTipView.swift; sourceTree = "<group>"; };
		5A45664D1FA73380008971AE /* AccountView.swift */ = {isa = PBXFileReference; fileEncoding = 4; lastKnownFileType = sourcecode.swift; path = AccountView.swift; sourceTree = "<group>"; };
		5A4B3EBC1FBC76E10016D55F /* bdContentTableView.swift */ = {isa = PBXFileReference; lastKnownFileType = sourcecode.swift; path = bdContentTableView.swift; sourceTree = "<group>"; };
		5A4B3EBE1FBC79B00016D55F /* bdContent_TableCell.swift */ = {isa = PBXFileReference; lastKnownFileType = sourcecode.swift; path = bdContent_TableCell.swift; sourceTree = "<group>"; };
		5A64AACE1FBC721B007D4055 /* bdContentTopView.swift */ = {isa = PBXFileReference; lastKnownFileType = sourcecode.swift; path = bdContentTopView.swift; sourceTree = "<group>"; };
		5A8BB3971FA3415B007A5397 /* Constants.swift */ = {isa = PBXFileReference; fileEncoding = 4; lastKnownFileType = sourcecode.swift; path = Constants.swift; sourceTree = "<group>"; };
		5A8C0FFE1FA9B330001A2BC8 /* BuyingHall_Model.swift */ = {isa = PBXFileReference; lastKnownFileType = sourcecode.swift; path = BuyingHall_Model.swift; sourceTree = "<group>"; };
		5A8C10001FA9B490001A2BC8 /* BuyingHall_ViewModel.swift */ = {isa = PBXFileReference; lastKnownFileType = sourcecode.swift; path = BuyingHall_ViewModel.swift; sourceTree = "<group>"; };
		5A8C10021FA9D184001A2BC8 /* WebViewController.swift */ = {isa = PBXFileReference; lastKnownFileType = sourcecode.swift; path = WebViewController.swift; sourceTree = "<group>"; };
		5A8C10041FA9E0B5001A2BC8 /* UIViewController+Extension.swift */ = {isa = PBXFileReference; lastKnownFileType = sourcecode.swift; path = "UIViewController+Extension.swift"; sourceTree = "<group>"; };
		5AA4E4481FBD748700FD70F2 /* BuyingDetailDescViewController.swift */ = {isa = PBXFileReference; lastKnownFileType = sourcecode.swift; path = BuyingDetailDescViewController.swift; sourceTree = "<group>"; };
		5AA59E951FBE9219000D0E16 /* UIView+Extension.swift */ = {isa = PBXFileReference; lastKnownFileType = sourcecode.swift; path = "UIView+Extension.swift"; sourceTree = "<group>"; };
		5AB02B201FBAEFD2002E6FF7 /* TimerTestViewController.swift */ = {isa = PBXFileReference; lastKnownFileType = sourcecode.swift; path = TimerTestViewController.swift; sourceTree = "<group>"; };
		5AB02B221FBAEFEA002E6FF7 /* TimerTestView.swift */ = {isa = PBXFileReference; lastKnownFileType = sourcecode.swift; path = TimerTestView.swift; sourceTree = "<group>"; };
		5AB02B241FBAF017002E6FF7 /* TimerTestTapView.swift */ = {isa = PBXFileReference; lastKnownFileType = sourcecode.swift; path = TimerTestTapView.swift; sourceTree = "<group>"; };
		5ABEA2091FB40B0E00C70336 /* DealRecords_ViewModel.swift */ = {isa = PBXFileReference; lastKnownFileType = sourcecode.swift; path = DealRecords_ViewModel.swift; sourceTree = "<group>"; };
		5ABEA20B1FB40E2800C70336 /* DealRecords_TableCell.swift */ = {isa = PBXFileReference; lastKnownFileType = sourcecode.swift; path = DealRecords_TableCell.swift; sourceTree = "<group>"; };
		5AC57B161FB150EE00349525 /* bdNavTitleDetailView1.swift */ = {isa = PBXFileReference; lastKnownFileType = sourcecode.swift; path = bdNavTitleDetailView1.swift; sourceTree = "<group>"; };
		5AC681B51FBA8F9500F05519 /* bdContentView.swift */ = {isa = PBXFileReference; lastKnownFileType = sourcecode.swift; path = bdContentView.swift; sourceTree = "<group>"; };
		5AC681B71FBA946100F05519 /* bdBottomView.swift */ = {isa = PBXFileReference; lastKnownFileType = sourcecode.swift; path = bdBottomView.swift; sourceTree = "<group>"; };
		5AC730CB1FAABDD000CE245E /* BaseViewController.swift */ = {isa = PBXFileReference; fileEncoding = 4; lastKnownFileType = sourcecode.swift; path = BaseViewController.swift; sourceTree = "<group>"; };
		5AC730D01FAB012500CE245E /* SelectButtonsView.swift */ = {isa = PBXFileReference; fileEncoding = 4; lastKnownFileType = sourcecode.swift; path = SelectButtonsView.swift; sourceTree = "<group>"; };
		5AC7E5441FA31EDD0062A447 /* LotteryTicket-Bridging-Header.h */ = {isa = PBXFileReference; lastKnownFileType = sourcecode.c.h; path = "LotteryTicket-Bridging-Header.h"; sourceTree = "<group>"; };
		5AC7E5451FA31EDE0062A447 /* ocViewController.h */ = {isa = PBXFileReference; fileEncoding = 4; lastKnownFileType = sourcecode.c.h; path = ocViewController.h; sourceTree = "<group>"; };
		5AC7E5461FA31EDE0062A447 /* ocViewController.m */ = {isa = PBXFileReference; fileEncoding = 4; lastKnownFileType = sourcecode.c.objc; path = ocViewController.m; sourceTree = "<group>"; };
		5ACBF7171FB4546200ADB6E9 /* BettingDetail_ViewModel.swift */ = {isa = PBXFileReference; fileEncoding = 4; lastKnownFileType = sourcecode.swift; path = BettingDetail_ViewModel.swift; sourceTree = "<group>"; };
		5ACBF7191FB4546200ADB6E9 /* BettingDetailViewController.swift */ = {isa = PBXFileReference; fileEncoding = 4; lastKnownFileType = sourcecode.swift; path = BettingDetailViewController.swift; sourceTree = "<group>"; };
		5ACBF71A1FB4546200ADB6E9 /* BettingRecords_TableCell.swift */ = {isa = PBXFileReference; fileEncoding = 4; lastKnownFileType = sourcecode.swift; path = BettingRecords_TableCell.swift; sourceTree = "<group>"; };
		5ACBF71B1FB4546200ADB6E9 /* BettingRecords_ViewModel.swift */ = {isa = PBXFileReference; fileEncoding = 4; lastKnownFileType = sourcecode.swift; path = BettingRecords_ViewModel.swift; sourceTree = "<group>"; };
		5ACBF71C1FB4546200ADB6E9 /* BettingRecordsViewController.swift */ = {isa = PBXFileReference; fileEncoding = 4; lastKnownFileType = sourcecode.swift; path = BettingRecordsViewController.swift; sourceTree = "<group>"; };
		5ACBF7231FB45C2D00ADB6E9 /* BettingDetailViewController.xib */ = {isa = PBXFileReference; lastKnownFileType = file.xib; path = BettingDetailViewController.xib; sourceTree = "<group>"; };
		5AD93A9A1FA8298E007FDED5 /* BannerView.swift */ = {isa = PBXFileReference; lastKnownFileType = sourcecode.swift; path = BannerView.swift; sourceTree = "<group>"; };
		5AD93A9C1FA85D1D007FDED5 /* AccountView.xib */ = {isa = PBXFileReference; lastKnownFileType = file.xib; path = AccountView.xib; sourceTree = "<group>"; };
		5AD93AA31FA88275007FDED5 /* BuyingDetailViewController.swift */ = {isa = PBXFileReference; lastKnownFileType = sourcecode.swift; path = BuyingDetailViewController.swift; sourceTree = "<group>"; };
		5ADA4DE51FBD7C1A0024E89C /* bddSelectButtonsView.swift */ = {isa = PBXFileReference; lastKnownFileType = sourcecode.swift; path = bddSelectButtonsView.swift; sourceTree = "<group>"; };
		5AE4F4501FA043AE007BD714 /* LotteryTicket.app */ = {isa = PBXFileReference; explicitFileType = wrapper.application; includeInIndex = 0; path = LotteryTicket.app; sourceTree = BUILT_PRODUCTS_DIR; };
		5AE4F4531FA043AE007BD714 /* AppDelegate.swift */ = {isa = PBXFileReference; lastKnownFileType = sourcecode.swift; path = AppDelegate.swift; sourceTree = "<group>"; };
		5AE4F4551FA043AE007BD714 /* ViewController.swift */ = {isa = PBXFileReference; lastKnownFileType = sourcecode.swift; path = ViewController.swift; sourceTree = "<group>"; };
		5AE4F4581FA043AE007BD714 /* Base */ = {isa = PBXFileReference; lastKnownFileType = file.storyboard; name = Base; path = Base.lproj/Main.storyboard; sourceTree = "<group>"; };
		5AE4F45A1FA043AE007BD714 /* Assets.xcassets */ = {isa = PBXFileReference; lastKnownFileType = folder.assetcatalog; path = Assets.xcassets; sourceTree = "<group>"; };
		5AE4F45D1FA043AE007BD714 /* Base */ = {isa = PBXFileReference; lastKnownFileType = file.storyboard; name = Base; path = Base.lproj/LaunchScreen.storyboard; sourceTree = "<group>"; };
		5AE4F45F1FA043AE007BD714 /* Info.plist */ = {isa = PBXFileReference; lastKnownFileType = text.plist.xml; path = Info.plist; sourceTree = "<group>"; };
		5AEC60361FBAD103008C3383 /* PrizeDetailViewController.swift */ = {isa = PBXFileReference; lastKnownFileType = sourcecode.swift; path = PrizeDetailViewController.swift; sourceTree = "<group>"; };
		5AEC60381FBAD140008C3383 /* PrizeDetailTableView.swift */ = {isa = PBXFileReference; lastKnownFileType = sourcecode.swift; path = PrizeDetailTableView.swift; sourceTree = "<group>"; };
		5AF0F6451FBED46700419640 /* PrizeDetail_SectionHeaderView.swift */ = {isa = PBXFileReference; lastKnownFileType = sourcecode.swift; path = PrizeDetail_SectionHeaderView.swift; sourceTree = "<group>"; };
		5AF1B4981FB2A548001A4269 /* PrizeResult_TableCell.swift */ = {isa = PBXFileReference; lastKnownFileType = sourcecode.swift; path = PrizeResult_TableCell.swift; sourceTree = "<group>"; };
		5AF1B49A1FB2A6C3001A4269 /* PrizeResult_Model.swift */ = {isa = PBXFileReference; lastKnownFileType = sourcecode.swift; path = PrizeResult_Model.swift; sourceTree = "<group>"; };
		5AF1B49C1FB2A6D5001A4269 /* PrizeResult_ViewModel.swift */ = {isa = PBXFileReference; lastKnownFileType = sourcecode.swift; path = PrizeResult_ViewModel.swift; sourceTree = "<group>"; };
		5AF1B4A11FB30A14001A4269 /* AnnounceInforViewController.swift */ = {isa = PBXFileReference; lastKnownFileType = sourcecode.swift; path = AnnounceInforViewController.swift; sourceTree = "<group>"; };
		5AF1B4A51FB30A8F001A4269 /* DealRecordsViewController.swift */ = {isa = PBXFileReference; lastKnownFileType = sourcecode.swift; path = DealRecordsViewController.swift; sourceTree = "<group>"; };
		5AF2E59A1FAB256D00908E3C /* PrizeAnnounce_TableCell.swift */ = {isa = PBXFileReference; lastKnownFileType = sourcecode.swift; path = PrizeAnnounce_TableCell.swift; sourceTree = "<group>"; };
		5AF2E59C1FAB288300908E3C /* PrizeAnnounce_Model.swift */ = {isa = PBXFileReference; lastKnownFileType = sourcecode.swift; path = PrizeAnnounce_Model.swift; sourceTree = "<group>"; };
		5AF2E59E1FAB289700908E3C /* PrizeAnnounce_ViewMondel.swift */ = {isa = PBXFileReference; lastKnownFileType = sourcecode.swift; path = PrizeAnnounce_ViewMondel.swift; sourceTree = "<group>"; };
		814E3A96736064BDB8DF46D1 /* Pods-LotteryTicket.debug.xcconfig */ = {isa = PBXFileReference; includeInIndex = 1; lastKnownFileType = text.xcconfig; name = "Pods-LotteryTicket.debug.xcconfig"; path = "Pods/Target Support Files/Pods-LotteryTicket/Pods-LotteryTicket.debug.xcconfig"; sourceTree = "<group>"; };
/* End PBXFileReference section */

/* Begin PBXFrameworksBuildPhase section */
		5AE4F44D1FA043AE007BD714 /* Frameworks */ = {
			isa = PBXFrameworksBuildPhase;
			buildActionMask = 2147483647;
			files = (
				663431690B41B6E3ADC28E38 /* Pods_LotteryTicket.framework in Frameworks */,
			);
			runOnlyForDeploymentPostprocessing = 0;
		};
/* End PBXFrameworksBuildPhase section */

/* Begin PBXGroup section */
		5A0F16EC1FAB3070004C3415 /* PrizeAnnounceDetail */ = {
			isa = PBXGroup;
			children = (
				5A0F16ED1FAB3418004C3415 /* PrizeResultViewController.swift */,
				5AF1B4981FB2A548001A4269 /* PrizeResult_TableCell.swift */,
				5AF1B49A1FB2A6C3001A4269 /* PrizeResult_Model.swift */,
				5AF1B49C1FB2A6D5001A4269 /* PrizeResult_ViewModel.swift */,
			);
			path = PrizeAnnounceDetail;
			sourceTree = "<group>";
		};
		5A1504021FA19A07000FCB58 /* LotteryHall */ = {
			isa = PBXGroup;
			children = (
				5A1504051FA19A81000FCB58 /* LotteryHallViewController.swift */,
				5A1504071FA19D35000FCB58 /* LotteryHall_CollectionCell.swift */,
				5A1504081FA19D35000FCB58 /* LotteryHall_CollectionSectionHeaderView.swift */,
				5AD93A9A1FA8298E007FDED5 /* BannerView.swift */,
				5A45664B1FA72DEF008971AE /* RunningTipView.swift */,
				5A45664D1FA73380008971AE /* AccountView.swift */,
				5AD93A9C1FA85D1D007FDED5 /* AccountView.xib */,
			);
			path = LotteryHall;
			sourceTree = "<group>";
		};
		5A1504031FA19A07000FCB58 /* PrizeAnnounce */ = {
			isa = PBXGroup;
			children = (
				5A15040E1FA1B482000FCB58 /* PrizeAnnounceViewController.swift */,
				5AF2E59A1FAB256D00908E3C /* PrizeAnnounce_TableCell.swift */,
				5AF2E59C1FAB288300908E3C /* PrizeAnnounce_Model.swift */,
				5AF2E59E1FAB289700908E3C /* PrizeAnnounce_ViewMondel.swift */,
				5A0F16EC1FAB3070004C3415 /* PrizeAnnounceDetail */,
			);
			path = PrizeAnnounce;
			sourceTree = "<group>";
		};
		5A1504041FA19A07000FCB58 /* UserCenter */ = {
			isa = PBXGroup;
			children = (
				5A1504101FA1B4A2000FCB58 /* UserCenterViewController.swift */,
				5A32BB981FAC09030056EA76 /* ucHeaderView.swift */,
				5A32BB9C1FAC18F80056EA76 /* UserCenter_TableCell.swift */,
				5A32BB9E1FAC1B440056EA76 /* UserCenter_Model.swift */,
				5A32BBA01FAC1B5C0056EA76 /* UserCenter_ViewModel.swift */,
				5AF1B49E1FB3097B001A4269 /* AnnounceInfor */,
				5ACBF7151FB4546200ADB6E9 /* BettingRecords */,
				5AF1B49F1FB3097B001A4269 /* DealRecords */,
			);
			path = UserCenter;
			sourceTree = "<group>";
		};
		5A15040B1FA1B408000FCB58 /* BuyingHall */ = {
			isa = PBXGroup;
			children = (
				5A15040C1FA1B422000FCB58 /* BuyingHallViewController.swift */,
				5A1505E81FA96D2B00F5A8C0 /* BuyingHall_TableCell.swift */,
				5AC730D01FAB012500CE245E /* SelectButtonsView.swift */,
				5A8C0FFE1FA9B330001A2BC8 /* BuyingHall_Model.swift */,
				5A8C10001FA9B490001A2BC8 /* BuyingHall_ViewModel.swift */,
			);
			path = BuyingHall;
			sourceTree = "<group>";
		};
		5AA4E4471FBD72E800FD70F2 /* BuyingDetailDesc */ = {
			isa = PBXGroup;
			children = (
				5AA4E4481FBD748700FD70F2 /* BuyingDetailDescViewController.swift */,
				5ADA4DE51FBD7C1A0024E89C /* bddSelectButtonsView.swift */,
			);
			path = BuyingDetailDesc;
			sourceTree = "<group>";
		};
		5AB02B1F1FBAEF93002E6FF7 /* timer+autolayout */ = {
			isa = PBXGroup;
			children = (
				5AB02B201FBAEFD2002E6FF7 /* TimerTestViewController.swift */,
				5AB02B221FBAEFEA002E6FF7 /* TimerTestView.swift */,
				5AB02B241FBAF017002E6FF7 /* TimerTestTapView.swift */,
			);
			path = "timer+autolayout";
			sourceTree = "<group>";
		};
		5AC730CD1FAB006B00CE245E /* Public */ = {
			isa = PBXGroup;
			children = (
			);
			path = Public;
			sourceTree = "<group>";
		};
		5ACBF7151FB4546200ADB6E9 /* BettingRecords */ = {
			isa = PBXGroup;
			children = (
				5ACBF71C1FB4546200ADB6E9 /* BettingRecordsViewController.swift */,
				5ACBF71A1FB4546200ADB6E9 /* BettingRecords_TableCell.swift */,
				5ACBF71B1FB4546200ADB6E9 /* BettingRecords_ViewModel.swift */,
				5ACBF7161FB4546200ADB6E9 /* BettingDetail */,
			);
			path = BettingRecords;
			sourceTree = "<group>";
		};
		5ACBF7161FB4546200ADB6E9 /* BettingDetail */ = {
			isa = PBXGroup;
			children = (
				5ACBF7191FB4546200ADB6E9 /* BettingDetailViewController.swift */,
				5ACBF7231FB45C2D00ADB6E9 /* BettingDetailViewController.xib */,
				5ACBF7171FB4546200ADB6E9 /* BettingDetail_ViewModel.swift */,
			);
			path = BettingDetail;
			sourceTree = "<group>";
		};
		5AD93AA21FA88257007FDED5 /* BuyingDetail */ = {
			isa = PBXGroup;
			children = (
				5AD93AA31FA88275007FDED5 /* BuyingDetailViewController.swift */,
				5A3920801FB03761006CE9F4 /* bdNavTitleView.swift */,
				5A3A61601FB04F84005CC5B0 /* bdNavTitleDetailView.swift */,
				5AC57B161FB150EE00349525 /* bdNavTitleDetailView1.swift */,
				5A2F183E1FB93613007FAB82 /* bdNavRightTableView.swift */,
				5A2F18421FB94036007FAB82 /* bdNavRight_TableCell.swift */,
				5A2F18461FB9818C007FAB82 /* bdTimerView.swift */,
				5A2F18481FB9AE47007FAB82 /* bdPrizeResultView.swift */,
				5A2F184C1FB9D8D2007FAB82 /* bdPrizeResultTableView.swift */,
				5A2F184A1FB9D35C007FAB82 /* bdPrizeResult_TableCell.swift */,
				5AC681B51FBA8F9500F05519 /* bdContentView.swift */,
				5A64AACE1FBC721B007D4055 /* bdContentTopView.swift */,
				5A4B3EBC1FBC76E10016D55F /* bdContentTableView.swift */,
				5A4B3EBE1FBC79B00016D55F /* bdContent_TableCell.swift */,
				5AC681B71FBA946100F05519 /* bdBottomView.swift */,
				5A2F18401FB93A89007FAB82 /* BuyingDetail_ViewModel.swift */,
				5AB02B1F1FBAEF93002E6FF7 /* timer+autolayout */,
				5AA4E4471FBD72E800FD70F2 /* BuyingDetailDesc */,
			);
			path = BuyingDetail;
			sourceTree = "<group>";
		};
		5AE4F4471FA043AE007BD714 = {
			isa = PBXGroup;
			children = (
				5AE4F4521FA043AE007BD714 /* LotteryTicket */,
				5AE4F4511FA043AE007BD714 /* Products */,
				B99EB68FA003EEDEC01C0ABF /* Pods */,
				6259C7DA97A3F74DCBB1CC52 /* Frameworks */,
			);
			sourceTree = "<group>";
		};
		5AE4F4511FA043AE007BD714 /* Products */ = {
			isa = PBXGroup;
			children = (
				5AE4F4501FA043AE007BD714 /* LotteryTicket.app */,
			);
			name = Products;
			sourceTree = "<group>";
		};
		5AE4F4521FA043AE007BD714 /* LotteryTicket */ = {
			isa = PBXGroup;
			children = (
				5AE4F4531FA043AE007BD714 /* AppDelegate.swift */,
				5AE4F4551FA043AE007BD714 /* ViewController.swift */,
				5AE4F4571FA043AE007BD714 /* Main.storyboard */,
				5AE4F45A1FA043AE007BD714 /* Assets.xcassets */,
				5AE4F45C1FA043AE007BD714 /* LaunchScreen.storyboard */,
				5AE4F45F1FA043AE007BD714 /* Info.plist */,
				5A8BB3971FA3415B007A5397 /* Constants.swift */,
				5A1503FF1FA190BD000FCB58 /* MainTabbarViewController.swift */,
				5AC730CB1FAABDD000CE245E /* BaseViewController.swift */,
				5A32BB9A1FAC14460056EA76 /* BaseTableViewController.swift */,
				5A8C10041FA9E0B5001A2BC8 /* UIViewController+Extension.swift */,
				5AA59E951FBE9219000D0E16 /* UIView+Extension.swift */,
				5A8C10021FA9D184001A2BC8 /* WebViewController.swift */,
				5AC730CD1FAB006B00CE245E /* Public */,
				5A1504021FA19A07000FCB58 /* LotteryHall */,
				5A15040B1FA1B408000FCB58 /* BuyingHall */,
				5A1504031FA19A07000FCB58 /* PrizeAnnounce */,
				5A1504041FA19A07000FCB58 /* UserCenter */,
				5AD93AA21FA88257007FDED5 /* BuyingDetail */,
				5AEC60351FBAD0DD008C3383 /* PrizeDetail */,
				5AC7E5451FA31EDE0062A447 /* ocViewController.h */,
				5AC7E5461FA31EDE0062A447 /* ocViewController.m */,
				5AC7E5441FA31EDD0062A447 /* LotteryTicket-Bridging-Header.h */,
			);
			path = LotteryTicket;
			sourceTree = "<group>";
		};
		5AEC60351FBAD0DD008C3383 /* PrizeDetail */ = {
			isa = PBXGroup;
			children = (
				5AEC60361FBAD103008C3383 /* PrizeDetailViewController.swift */,
				5AEC60381FBAD140008C3383 /* PrizeDetailTableView.swift */,
				5A014F321FBD9D2100ED118C /* PrizeDetail_TableCell.swift */,
				5AF0F6451FBED46700419640 /* PrizeDetail_SectionHeaderView.swift */,
				5A014F341FBD9F1F00ED118C /* PrizeDetail_Model.swift */,
				5A014F361FBD9F3000ED118C /* PrizeDetail_ViewModel.swift */,
			);
			path = PrizeDetail;
			sourceTree = "<group>";
		};
		5AF1B49E1FB3097B001A4269 /* AnnounceInfor */ = {
			isa = PBXGroup;
			children = (
				5AF1B4A11FB30A14001A4269 /* AnnounceInforViewController.swift */,
			);
			path = AnnounceInfor;
			sourceTree = "<group>";
		};
		5AF1B49F1FB3097B001A4269 /* DealRecords */ = {
			isa = PBXGroup;
			children = (
				5AF1B4A51FB30A8F001A4269 /* DealRecordsViewController.swift */,
				5ABEA20B1FB40E2800C70336 /* DealRecords_TableCell.swift */,
				5ABEA2091FB40B0E00C70336 /* DealRecords_ViewModel.swift */,
			);
			path = DealRecords;
			sourceTree = "<group>";
		};
		6259C7DA97A3F74DCBB1CC52 /* Frameworks */ = {
			isa = PBXGroup;
			children = (
				04CF5632838DB19011E857DD /* Pods_LotteryTicket.framework */,
			);
			name = Frameworks;
			sourceTree = "<group>";
		};
		B99EB68FA003EEDEC01C0ABF /* Pods */ = {
			isa = PBXGroup;
			children = (
				814E3A96736064BDB8DF46D1 /* Pods-LotteryTicket.debug.xcconfig */,
				02586951D05A310B6634D514 /* Pods-LotteryTicket.release.xcconfig */,
			);
			name = Pods;
			sourceTree = "<group>";
		};
/* End PBXGroup section */

/* Begin PBXNativeTarget section */
		5AE4F44F1FA043AE007BD714 /* LotteryTicket */ = {
			isa = PBXNativeTarget;
			buildConfigurationList = 5AE4F4621FA043AE007BD714 /* Build configuration list for PBXNativeTarget "LotteryTicket" */;
			buildPhases = (
				BFAB088ADBF31E1F0564130F /* [CP] Check Pods Manifest.lock */,
				5AE4F44C1FA043AE007BD714 /* Sources */,
				5AE4F44D1FA043AE007BD714 /* Frameworks */,
				5AE4F44E1FA043AE007BD714 /* Resources */,
				D710B052EC121C38431A0A74 /* [CP] Embed Pods Frameworks */,
				BE1ACA7C3CEBCDA03E82ABA4 /* [CP] Copy Pods Resources */,
			);
			buildRules = (
			);
			dependencies = (
			);
			name = LotteryTicket;
			productName = LotteryTicket;
			productReference = 5AE4F4501FA043AE007BD714 /* LotteryTicket.app */;
			productType = "com.apple.product-type.application";
		};
/* End PBXNativeTarget section */

/* Begin PBXProject section */
		5AE4F4481FA043AE007BD714 /* Project object */ = {
			isa = PBXProject;
			attributes = {
				LastSwiftUpdateCheck = 0820;
				LastUpgradeCheck = 0820;
				ORGANIZATIONNAME = "李诚";
				TargetAttributes = {
					5AE4F44F1FA043AE007BD714 = {
						CreatedOnToolsVersion = 8.2;
						DevelopmentTeam = 7W8GXJAM2W;
						LastSwiftMigration = 0820;
						ProvisioningStyle = Automatic;
					};
				};
			};
			buildConfigurationList = 5AE4F44B1FA043AE007BD714 /* Build configuration list for PBXProject "LotteryTicket" */;
			compatibilityVersion = "Xcode 3.2";
			developmentRegion = English;
			hasScannedForEncodings = 0;
			knownRegions = (
				en,
				Base,
			);
			mainGroup = 5AE4F4471FA043AE007BD714;
			productRefGroup = 5AE4F4511FA043AE007BD714 /* Products */;
			projectDirPath = "";
			projectRoot = "";
			targets = (
				5AE4F44F1FA043AE007BD714 /* LotteryTicket */,
			);
		};
/* End PBXProject section */

/* Begin PBXResourcesBuildPhase section */
		5AE4F44E1FA043AE007BD714 /* Resources */ = {
			isa = PBXResourcesBuildPhase;
			buildActionMask = 2147483647;
			files = (
				5ACBF7241FB45C2E00ADB6E9 /* BettingDetailViewController.xib in Resources */,
				5AD93A9D1FA85D1D007FDED5 /* AccountView.xib in Resources */,
				5AE4F45E1FA043AE007BD714 /* LaunchScreen.storyboard in Resources */,
				5AE4F45B1FA043AE007BD714 /* Assets.xcassets in Resources */,
				5AE4F4591FA043AE007BD714 /* Main.storyboard in Resources */,
			);
			runOnlyForDeploymentPostprocessing = 0;
		};
/* End PBXResourcesBuildPhase section */

/* Begin PBXShellScriptBuildPhase section */
		BE1ACA7C3CEBCDA03E82ABA4 /* [CP] Copy Pods Resources */ = {
			isa = PBXShellScriptBuildPhase;
			buildActionMask = 2147483647;
			files = (
			);
			inputPaths = (
			);
			name = "[CP] Copy Pods Resources";
			outputPaths = (
			);
			runOnlyForDeploymentPostprocessing = 0;
			shellPath = /bin/sh;
			shellScript = "\"${SRCROOT}/Pods/Target Support Files/Pods-LotteryTicket/Pods-LotteryTicket-resources.sh\"\n";
			showEnvVarsInLog = 0;
		};
		BFAB088ADBF31E1F0564130F /* [CP] Check Pods Manifest.lock */ = {
			isa = PBXShellScriptBuildPhase;
			buildActionMask = 2147483647;
			files = (
			);
			inputPaths = (
				"${PODS_PODFILE_DIR_PATH}/Podfile.lock",
				"${PODS_ROOT}/Manifest.lock",
			);
			name = "[CP] Check Pods Manifest.lock";
			outputPaths = (
				"$(DERIVED_FILE_DIR)/Pods-LotteryTicket-checkManifestLockResult.txt",
			);
			runOnlyForDeploymentPostprocessing = 0;
			shellPath = /bin/sh;
			shellScript = "diff \"${PODS_PODFILE_DIR_PATH}/Podfile.lock\" \"${PODS_ROOT}/Manifest.lock\" > /dev/null\nif [ $? != 0 ] ; then\n    # print error to STDERR\n    echo \"error: The sandbox is not in sync with the Podfile.lock. Run 'pod install' or update your CocoaPods installation.\" >&2\n    exit 1\nfi\n# This output is used by Xcode 'outputs' to avoid re-running this script phase.\necho \"SUCCESS\" > \"${SCRIPT_OUTPUT_FILE_0}\"\n";
			showEnvVarsInLog = 0;
		};
		D710B052EC121C38431A0A74 /* [CP] Embed Pods Frameworks */ = {
			isa = PBXShellScriptBuildPhase;
			buildActionMask = 2147483647;
			files = (
			);
			inputPaths = (
				"${SRCROOT}/Pods/Target Support Files/Pods-LotteryTicket/Pods-LotteryTicket-frameworks.sh",
				"${BUILT_PRODUCTS_DIR}/FSPagerView/FSPagerView.framework",
				"${BUILT_PRODUCTS_DIR}/IQKeyboardManagerSwift/IQKeyboardManagerSwift.framework",
				"${BUILT_PRODUCTS_DIR}/MBProgressHUD/MBProgressHUD.framework",
				"${BUILT_PRODUCTS_DIR}/MJRefresh/MJRefresh.framework",
				"${BUILT_PRODUCTS_DIR}/SnapKit/SnapKit.framework",
			);
			name = "[CP] Embed Pods Frameworks";
			outputPaths = (
				"${TARGET_BUILD_DIR}/${FRAMEWORKS_FOLDER_PATH}/FSPagerView.framework",
				"${TARGET_BUILD_DIR}/${FRAMEWORKS_FOLDER_PATH}/IQKeyboardManagerSwift.framework",
				"${TARGET_BUILD_DIR}/${FRAMEWORKS_FOLDER_PATH}/MBProgressHUD.framework",
				"${TARGET_BUILD_DIR}/${FRAMEWORKS_FOLDER_PATH}/MJRefresh.framework",
				"${TARGET_BUILD_DIR}/${FRAMEWORKS_FOLDER_PATH}/SnapKit.framework",
			);
			runOnlyForDeploymentPostprocessing = 0;
			shellPath = /bin/sh;
			shellScript = "\"${SRCROOT}/Pods/Target Support Files/Pods-LotteryTicket/Pods-LotteryTicket-frameworks.sh\"\n";
			showEnvVarsInLog = 0;
		};
/* End PBXShellScriptBuildPhase section */

/* Begin PBXSourcesBuildPhase section */
		5AE4F44C1FA043AE007BD714 /* Sources */ = {
			isa = PBXSourcesBuildPhase;
			buildActionMask = 2147483647;
			files = (
				5ACBF7221FB4546200ADB6E9 /* BettingRecordsViewController.swift in Sources */,
				5AD93A9B1FA8298E007FDED5 /* BannerView.swift in Sources */,
				5ABEA20C1FB40E2800C70336 /* DealRecords_TableCell.swift in Sources */,
				5AC681B81FBA946100F05519 /* bdBottomView.swift in Sources */,
				5AF1B4A61FB30A8F001A4269 /* DealRecordsViewController.swift in Sources */,
				5AF0F6461FBED46700419640 /* PrizeDetail_SectionHeaderView.swift in Sources */,
				5A4B3EBD1FBC76E10016D55F /* bdContentTableView.swift in Sources */,
				5AC7E5471FA31EDE0062A447 /* ocViewController.m in Sources */,
				5AC57B171FB150EE00349525 /* bdNavTitleDetailView1.swift in Sources */,
				5A0F16EE1FAB3418004C3415 /* PrizeResultViewController.swift in Sources */,
				5A8BB3981FA3415B007A5397 /* Constants.swift in Sources */,
				5A15040D1FA1B422000FCB58 /* BuyingHallViewController.swift in Sources */,
				5A8C10031FA9D184001A2BC8 /* WebViewController.swift in Sources */,
				5A32BBA11FAC1B5C0056EA76 /* UserCenter_ViewModel.swift in Sources */,
				5AF2E59D1FAB288300908E3C /* PrizeAnnounce_Model.swift in Sources */,
				5A2F18471FB9818C007FAB82 /* bdTimerView.swift in Sources */,
				5A2F18491FB9AE47007FAB82 /* bdPrizeResultView.swift in Sources */,
				5A1504091FA19D35000FCB58 /* LotteryHall_CollectionCell.swift in Sources */,
				5A8C0FFF1FA9B330001A2BC8 /* BuyingHall_Model.swift in Sources */,
				5A014F331FBD9D2100ED118C /* PrizeDetail_TableCell.swift in Sources */,
				5ACBF7201FB4546200ADB6E9 /* BettingRecords_TableCell.swift in Sources */,
				5AF1B49B1FB2A6C3001A4269 /* PrizeResult_Model.swift in Sources */,
				5A3920811FB03761006CE9F4 /* bdNavTitleView.swift in Sources */,
				5ACBF7211FB4546200ADB6E9 /* BettingRecords_ViewModel.swift in Sources */,
				5A45664C1FA72DEF008971AE /* RunningTipView.swift in Sources */,
				5A2F18411FB93A89007FAB82 /* BuyingDetail_ViewModel.swift in Sources */,
				5A2F184B1FB9D35C007FAB82 /* bdPrizeResult_TableCell.swift in Sources */,
				5A014F351FBD9F1F00ED118C /* PrizeDetail_Model.swift in Sources */,
				5A4B3EBF1FBC79B00016D55F /* bdContent_TableCell.swift in Sources */,
				5A32BB9B1FAC14460056EA76 /* BaseTableViewController.swift in Sources */,
				5A15040A1FA19D35000FCB58 /* LotteryHall_CollectionSectionHeaderView.swift in Sources */,
				5AF2E59F1FAB289700908E3C /* PrizeAnnounce_ViewMondel.swift in Sources */,
				5AE4F4561FA043AE007BD714 /* ViewController.swift in Sources */,
				5AA4E4491FBD748700FD70F2 /* BuyingDetailDescViewController.swift in Sources */,
				5AA59E961FBE9219000D0E16 /* UIView+Extension.swift in Sources */,
				5AE4F4541FA043AE007BD714 /* AppDelegate.swift in Sources */,
				5ACBF71D1FB4546200ADB6E9 /* BettingDetail_ViewModel.swift in Sources */,
				5AB02B251FBAF017002E6FF7 /* TimerTestTapView.swift in Sources */,
				5A2F18431FB94036007FAB82 /* bdNavRight_TableCell.swift in Sources */,
				5AC681B61FBA8F9500F05519 /* bdContentView.swift in Sources */,
				5A1504111FA1B4A2000FCB58 /* UserCenterViewController.swift in Sources */,
				5AF1B4A21FB30A14001A4269 /* AnnounceInforViewController.swift in Sources */,
				5A8C10051FA9E0B5001A2BC8 /* UIViewController+Extension.swift in Sources */,
				5AC730CC1FAABDD000CE245E /* BaseViewController.swift in Sources */,
				5A1504001FA190BD000FCB58 /* MainTabbarViewController.swift in Sources */,
				5A1504061FA19A81000FCB58 /* LotteryHallViewController.swift in Sources */,
				5AEC60371FBAD103008C3383 /* PrizeDetailViewController.swift in Sources */,
				5ACBF71F1FB4546200ADB6E9 /* BettingDetailViewController.swift in Sources */,
				5A3A61611FB04F84005CC5B0 /* bdNavTitleDetailView.swift in Sources */,
				5AC730D11FAB012500CE245E /* SelectButtonsView.swift in Sources */,
				5A32BB9F1FAC1B440056EA76 /* UserCenter_Model.swift in Sources */,
				5A8C10011FA9B490001A2BC8 /* BuyingHall_ViewModel.swift in Sources */,
				5A1505E91FA96D2B00F5A8C0 /* BuyingHall_TableCell.swift in Sources */,
				5AF1B49D1FB2A6D5001A4269 /* PrizeResult_ViewModel.swift in Sources */,
				5ADA4DE61FBD7C1A0024E89C /* bddSelectButtonsView.swift in Sources */,
				5A64AACF1FBC721C007D4055 /* bdContentTopView.swift in Sources */,
				5A014F371FBD9F3000ED118C /* PrizeDetail_ViewModel.swift in Sources */,
				5AB02B211FBAEFD2002E6FF7 /* TimerTestViewController.swift in Sources */,
				5A2F183F1FB93613007FAB82 /* bdNavRightTableView.swift in Sources */,
				5AF2E59B1FAB256D00908E3C /* PrizeAnnounce_TableCell.swift in Sources */,
				5A2F184D1FB9D8D2007FAB82 /* bdPrizeResultTableView.swift in Sources */,
				5A45664E1FA73380008971AE /* AccountView.swift in Sources */,
				5A32BB991FAC09030056EA76 /* ucHeaderView.swift in Sources */,
				5AB02B231FBAEFEA002E6FF7 /* TimerTestView.swift in Sources */,
				5AEC60391FBAD140008C3383 /* PrizeDetailTableView.swift in Sources */,
				5A32BB9D1FAC18F80056EA76 /* UserCenter_TableCell.swift in Sources */,
				5AD93AA41FA88275007FDED5 /* BuyingDetailViewController.swift in Sources */,
				5A15040F1FA1B482000FCB58 /* PrizeAnnounceViewController.swift in Sources */,
				5AF1B4991FB2A548001A4269 /* PrizeResult_TableCell.swift in Sources */,
				5ABEA20A1FB40B0E00C70336 /* DealRecords_ViewModel.swift in Sources */,
			);
			runOnlyForDeploymentPostprocessing = 0;
		};
/* End PBXSourcesBuildPhase section */

/* Begin PBXVariantGroup section */
		5AE4F4571FA043AE007BD714 /* Main.storyboard */ = {
			isa = PBXVariantGroup;
			children = (
				5AE4F4581FA043AE007BD714 /* Base */,
			);
			name = Main.storyboard;
			sourceTree = "<group>";
		};
		5AE4F45C1FA043AE007BD714 /* LaunchScreen.storyboard */ = {
			isa = PBXVariantGroup;
			children = (
				5AE4F45D1FA043AE007BD714 /* Base */,
			);
			name = LaunchScreen.storyboard;
			sourceTree = "<group>";
		};
/* End PBXVariantGroup section */

/* Begin XCBuildConfiguration section */
		5AE4F4601FA043AE007BD714 /* Debug */ = {
			isa = XCBuildConfiguration;
			buildSettings = {
				ALWAYS_SEARCH_USER_PATHS = NO;
				CLANG_ANALYZER_NONNULL = YES;
				CLANG_CXX_LANGUAGE_STANDARD = "gnu++0x";
				CLANG_CXX_LIBRARY = "libc++";
				CLANG_ENABLE_MODULES = YES;
				CLANG_ENABLE_OBJC_ARC = YES;
				CLANG_WARN_BOOL_CONVERSION = YES;
				CLANG_WARN_CONSTANT_CONVERSION = YES;
				CLANG_WARN_DIRECT_OBJC_ISA_USAGE = YES_ERROR;
				CLANG_WARN_DOCUMENTATION_COMMENTS = YES;
				CLANG_WARN_EMPTY_BODY = YES;
				CLANG_WARN_ENUM_CONVERSION = YES;
				CLANG_WARN_INFINITE_RECURSION = YES;
				CLANG_WARN_INT_CONVERSION = YES;
				CLANG_WARN_OBJC_ROOT_CLASS = YES_ERROR;
				CLANG_WARN_SUSPICIOUS_MOVE = YES;
				CLANG_WARN_UNREACHABLE_CODE = YES;
				CLANG_WARN__DUPLICATE_METHOD_MATCH = YES;
				"CODE_SIGN_IDENTITY[sdk=iphoneos*]" = "iPhone Developer";
				COPY_PHASE_STRIP = NO;
				DEBUG_INFORMATION_FORMAT = dwarf;
				ENABLE_STRICT_OBJC_MSGSEND = YES;
				ENABLE_TESTABILITY = YES;
				GCC_C_LANGUAGE_STANDARD = gnu99;
				GCC_DYNAMIC_NO_PIC = NO;
				GCC_NO_COMMON_BLOCKS = YES;
				GCC_OPTIMIZATION_LEVEL = 0;
				GCC_PREPROCESSOR_DEFINITIONS = (
					"DEBUG=1",
					"$(inherited)",
				);
				GCC_WARN_64_TO_32_BIT_CONVERSION = YES;
				GCC_WARN_ABOUT_RETURN_TYPE = YES_ERROR;
				GCC_WARN_UNDECLARED_SELECTOR = YES;
				GCC_WARN_UNINITIALIZED_AUTOS = YES_AGGRESSIVE;
				GCC_WARN_UNUSED_FUNCTION = YES;
				GCC_WARN_UNUSED_VARIABLE = YES;
				IPHONEOS_DEPLOYMENT_TARGET = 10.2;
				MTL_ENABLE_DEBUG_INFO = YES;
				ONLY_ACTIVE_ARCH = YES;
				SDKROOT = iphoneos;
				SWIFT_ACTIVE_COMPILATION_CONDITIONS = DEBUG;
				SWIFT_OPTIMIZATION_LEVEL = "-Onone";
			};
			name = Debug;
		};
		5AE4F4611FA043AE007BD714 /* Release */ = {
			isa = XCBuildConfiguration;
			buildSettings = {
				ALWAYS_SEARCH_USER_PATHS = NO;
				CLANG_ANALYZER_NONNULL = YES;
				CLANG_CXX_LANGUAGE_STANDARD = "gnu++0x";
				CLANG_CXX_LIBRARY = "libc++";
				CLANG_ENABLE_MODULES = YES;
				CLANG_ENABLE_OBJC_ARC = YES;
				CLANG_WARN_BOOL_CONVERSION = YES;
				CLANG_WARN_CONSTANT_CONVERSION = YES;
				CLANG_WARN_DIRECT_OBJC_ISA_USAGE = YES_ERROR;
				CLANG_WARN_DOCUMENTATION_COMMENTS = YES;
				CLANG_WARN_EMPTY_BODY = YES;
				CLANG_WARN_ENUM_CONVERSION = YES;
				CLANG_WARN_INFINITE_RECURSION = YES;
				CLANG_WARN_INT_CONVERSION = YES;
				CLANG_WARN_OBJC_ROOT_CLASS = YES_ERROR;
				CLANG_WARN_SUSPICIOUS_MOVE = YES;
				CLANG_WARN_UNREACHABLE_CODE = YES;
				CLANG_WARN__DUPLICATE_METHOD_MATCH = YES;
				"CODE_SIGN_IDENTITY[sdk=iphoneos*]" = "iPhone Developer";
				COPY_PHASE_STRIP = NO;
				DEBUG_INFORMATION_FORMAT = "dwarf-with-dsym";
				ENABLE_NS_ASSERTIONS = NO;
				ENABLE_STRICT_OBJC_MSGSEND = YES;
				GCC_C_LANGUAGE_STANDARD = gnu99;
				GCC_NO_COMMON_BLOCKS = YES;
				GCC_WARN_64_TO_32_BIT_CONVERSION = YES;
				GCC_WARN_ABOUT_RETURN_TYPE = YES_ERROR;
				GCC_WARN_UNDECLARED_SELECTOR = YES;
				GCC_WARN_UNINITIALIZED_AUTOS = YES_AGGRESSIVE;
				GCC_WARN_UNUSED_FUNCTION = YES;
				GCC_WARN_UNUSED_VARIABLE = YES;
				IPHONEOS_DEPLOYMENT_TARGET = 10.2;
				MTL_ENABLE_DEBUG_INFO = NO;
				SDKROOT = iphoneos;
				SWIFT_OPTIMIZATION_LEVEL = "-Owholemodule";
				VALIDATE_PRODUCT = YES;
			};
			name = Release;
		};
		5AE4F4631FA043AE007BD714 /* Debug */ = {
			isa = XCBuildConfiguration;
			baseConfigurationReference = 814E3A96736064BDB8DF46D1 /* Pods-LotteryTicket.debug.xcconfig */;
			buildSettings = {
				ASSETCATALOG_COMPILER_APPICON_NAME = AppIcon;
				CLANG_ENABLE_MODULES = YES;
				DEVELOPMENT_TEAM = 7W8GXJAM2W;
				INFOPLIST_FILE = LotteryTicket/Info.plist;
				IPHONEOS_DEPLOYMENT_TARGET = 8.0;
				LD_RUNPATH_SEARCH_PATHS = "$(inherited) @executable_path/Frameworks";
				PRODUCT_BUNDLE_IDENTIFIER = lc.LotteryTicket;
				PRODUCT_NAME = "$(TARGET_NAME)";
				SWIFT_OBJC_BRIDGING_HEADER = "LotteryTicket/LotteryTicket-Bridging-Header.h";
				SWIFT_OPTIMIZATION_LEVEL = "-Onone";
				SWIFT_VERSION = 3.0;
			};
			name = Debug;
		};
		5AE4F4641FA043AE007BD714 /* Release */ = {
			isa = XCBuildConfiguration;
			baseConfigurationReference = 02586951D05A310B6634D514 /* Pods-LotteryTicket.release.xcconfig */;
			buildSettings = {
				ASSETCATALOG_COMPILER_APPICON_NAME = AppIcon;
				CLANG_ENABLE_MODULES = YES;
				DEVELOPMENT_TEAM = 7W8GXJAM2W;
				INFOPLIST_FILE = LotteryTicket/Info.plist;
				IPHONEOS_DEPLOYMENT_TARGET = 8.0;
				LD_RUNPATH_SEARCH_PATHS = "$(inherited) @executable_path/Frameworks";
				PRODUCT_BUNDLE_IDENTIFIER = lc.LotteryTicket;
				PRODUCT_NAME = "$(TARGET_NAME)";
				SWIFT_OBJC_BRIDGING_HEADER = "LotteryTicket/LotteryTicket-Bridging-Header.h";
				SWIFT_VERSION = 3.0;
			};
			name = Release;
		};
/* End XCBuildConfiguration section */

/* Begin XCConfigurationList section */
		5AE4F44B1FA043AE007BD714 /* Build configuration list for PBXProject "LotteryTicket" */ = {
			isa = XCConfigurationList;
			buildConfigurations = (
				5AE4F4601FA043AE007BD714 /* Debug */,
				5AE4F4611FA043AE007BD714 /* Release */,
			);
			defaultConfigurationIsVisible = 0;
			defaultConfigurationName = Release;
		};
		5AE4F4621FA043AE007BD714 /* Build configuration list for PBXNativeTarget "LotteryTicket" */ = {
			isa = XCConfigurationList;
			buildConfigurations = (
				5AE4F4631FA043AE007BD714 /* Debug */,
				5AE4F4641FA043AE007BD714 /* Release */,
			);
			defaultConfigurationIsVisible = 0;
			defaultConfigurationName = Release;
		};
/* End XCConfigurationList section */
	};
	rootObject = 5AE4F4481FA043AE007BD714 /* Project object */;
}
